
Microsoft Visual Studio Solution File, Format Version 12.00
Project("{F2A71F9B-5D33-465A-A702-920D77279786}") = "Iam", "Iam\Iam.fsproj", "{BC08135C-775F-4DB1-A4B4-2D7FA963381B}"
EndProject
Global
	GlobalSection(SolutionConfigurationPlatforms) = preSolution
		Debug|Any CPU = Debug|Any CPU
		Release|Any CPU = Release|Any CPU
	EndGlobalSection
	GlobalSection(ProjectConfigurationPlatforms) = postSolution
		{BC08135C-775F-4DB1-A4B4-2D7FA963381B}.Debug|Any CPU.ActiveCfg = Debug|Any CPU
		{BC08135C-775F-4DB1-A4B4-2D7FA963381B}.Debug|Any CPU.Build.0 = Debug|Any CPU
		{BC08135C-775F-4DB1-A4B4-2D7FA963381B}.Release|Any CPU.ActiveCfg = Release|Any CPU
		{BC08135C-775F-4DB1-A4B4-2D7FA963381B}.Release|Any CPU.Build.0 = Release|Any CPU
	EndGlobalSection
EndGlobal
